
Microsoft Visual Studio Solution File, Format Version 12.00
# Visual Studio Version 16
VisualStudioVersion = 16.0.31105.61
MinimumVisualStudioVersion = 10.0.40219.1
Project("{9A19103F-16F7-4668-BE54-9A1E7A4F7556}") = "Lab2Proga", "Lab2Proga\Lab2Proga.csproj", "{194654BC-1D1E-41ED-AA58-F4BF3EDCCA57}"
EndProject
Project("{FAE04EC0-301F-11D3-BF4B-00C04F79EFBC}") = "FBuilder", "FBuilder\FBuilder.csproj", "{F922CC8A-B80F-4725-8925-E7A5842142D2}"
EndProject
Global
	GlobalSection(SolutionConfigurationPlatforms) = preSolution
		Debug|Any CPU = Debug|Any CPU
		Release|Any CPU = Release|Any CPU
	EndGlobalSection
	GlobalSection(ProjectConfigurationPlatforms) = postSolution
		{194654BC-1D1E-41ED-AA58-F4BF3EDCCA57}.Debug|Any CPU.ActiveCfg = Debug|Any CPU
		{194654BC-1D1E-41ED-AA58-F4BF3EDCCA57}.Debug|Any CPU.Build.0 = Debug|Any CPU
		{194654BC-1D1E-41ED-AA58-F4BF3EDCCA57}.Release|Any CPU.ActiveCfg = Release|Any CPU
		{194654BC-1D1E-41ED-AA58-F4BF3EDCCA57}.Release|Any CPU.Build.0 = Release|Any CPU
		{F922CC8A-B80F-4725-8925-E7A5842142D2}.Debug|Any CPU.ActiveCfg = Debug|Any CPU
		{F922CC8A-B80F-4725-8925-E7A5842142D2}.Debug|Any CPU.Build.0 = Debug|Any CPU
		{F922CC8A-B80F-4725-8925-E7A5842142D2}.Release|Any CPU.ActiveCfg = Release|Any CPU
		{F922CC8A-B80F-4725-8925-E7A5842142D2}.Release|Any CPU.Build.0 = Release|Any CPU
	EndGlobalSection
	GlobalSection(SolutionProperties) = preSolution
		HideSolutionNode = FALSE
	EndGlobalSection
	GlobalSection(ExtensibilityGlobals) = postSolution
		SolutionGuid = {DCE23454-6011-4DA7-B16C-777D321070D5}
	EndGlobalSection
EndGlobal
